{
  "nodes": {
    "nixpkgs": {
      "locked": {
        "lastModified": 1775761142,
        "narHash": "sha256-sBq8nsDsj1/i2rKsd2Gg2cgTv/J+5uk4wxCtxaCsGiA=",
        "owner": "NixOS",
        "repo": "nixpkgs",
        "rev": "96e87bd250d5f4f3447b87ab7e94689ea19e0c2a",
        "type": "github"
      },
      "original": {
        "owner": "NixOS",
        "repo": "nixpkgs",
        "type": "github"
      }
    },
    "root": {
      "inputs": {
        "nixpkgs": "nixpkgs"
      }
    }
  },
  "root": "root",
  "version": 7
}
