{
  "nodes": {
    "nixpkgs": {
      "locked": {
        "lastModified": 1775828915,
        "narHash": "sha256-qWHDjD9RfTs4ca2ScFvTUs7Qq0LD0fe7WF56CbEodS4=",
        "owner": "NixOS",
        "repo": "nixpkgs",
        "rev": "2ba6b19e1af037300b021d14a3107323d13e5690",
        "type": "github"
      },
      "original": {
        "owner": "NixOS",
        "repo": "nixpkgs",
        "type": "github"
      }
    },
    "root": {
      "inputs": {
        "nixpkgs": "nixpkgs"
      }
    }
  },
  "root": "root",
  "version": 7
}
